
Microsoft Visual Studio Solution File, Format Version 12.00
# Visual Studio Version 16
VisualStudioVersion = 16.0.31410.357
MinimumVisualStudioVersion = 10.0.40219.1
Project("{FAE04EC0-301F-11D3-BF4B-00C04F79EFBC}") = "GenshinFishingBot", "GenshinFishingBot\GenshinFishingBot.csproj", "{078C3A6D-89EF-44B4-AC22-BC4A479AAF73}"
EndProject
Global
	GlobalSection(SolutionConfigurationPlatforms) = preSolution
		Debug|Any CPU = Debug|Any CPU
		Release|Any CPU = Release|Any CPU
	EndGlobalSection
	GlobalSection(ProjectConfigurationPlatforms) = postSolution
		{078C3A6D-89EF-44B4-AC22-BC4A479AAF73}.Debug|Any CPU.ActiveCfg = Debug|Any CPU
		{078C3A6D-89EF-44B4-AC22-BC4A479AAF73}.Debug|Any CPU.Build.0 = Debug|Any CPU
		{078C3A6D-89EF-44B4-AC22-BC4A479AAF73}.Release|Any CPU.ActiveCfg = Release|Any CPU
		{078C3A6D-89EF-44B4-AC22-BC4A479AAF73}.Release|Any CPU.Build.0 = Release|Any CPU
	EndGlobalSection
	GlobalSection(SolutionProperties) = preSolution
		HideSolutionNode = FALSE
	EndGlobalSection
	GlobalSection(ExtensibilityGlobals) = postSolution
		SolutionGuid = {BCD33103-8430-433B-9ED9-28C36EAEC456}
	EndGlobalSection
EndGlobal
